
Microsoft Visual Studio Solution File, Format Version 12.00
# Visual Studio 15
VisualStudioVersion = 15.0.28307.852
MinimumVisualStudioVersion = 10.0.40219.1
Project("{FAE04EC0-301F-11D3-BF4B-00C04F79EFBC}") = "SDL2-CS", "SDL2-CS-master\SDL2-CS.csproj", "{85480198-8711-4355-830E-72FD794AD3F6}"
EndProject
Project("{FAE04EC0-301F-11D3-BF4B-00C04F79EFBC}") = "SDLWinformApp", "SDLWinformApp\SDLWinformApp.csproj", "{BFAE9E77-61BF-4679-9C71-E0A366DFE50D}"
EndProject
Project("{FAE04EC0-301F-11D3-BF4B-00C04F79EFBC}") = "usercontrol", "usercontrol\usercontrol.csproj", "{DCC2820B-A982-4CAE-B668-1179A257F65A}"
EndProject
Project("{FAE04EC0-301F-11D3-BF4B-00C04F79EFBC}") = "TestUC", "TestUC\TestUC.csproj", "{2D4AED2B-60F9-4AE8-B29F-34220FC99ABE}"
EndProject
Global
	GlobalSection(SolutionConfigurationPlatforms) = preSolution
		Debug|Any CPU = Debug|Any CPU
		Debug|x64 = Debug|x64
		Debug|x86 = Debug|x86
		Release|Any CPU = Release|Any CPU
		Release|x64 = Release|x64
		Release|x86 = Release|x86
	EndGlobalSection
	GlobalSection(ProjectConfigurationPlatforms) = postSolution
		{85480198-8711-4355-830E-72FD794AD3F6}.Debug|Any CPU.ActiveCfg = Debug|Any CPU
		{85480198-8711-4355-830E-72FD794AD3F6}.Debug|Any CPU.Build.0 = Debug|Any CPU
		{85480198-8711-4355-830E-72FD794AD3F6}.Debug|x64.ActiveCfg = Debug|x64
		{85480198-8711-4355-830E-72FD794AD3F6}.Debug|x64.Build.0 = Debug|x64
		{85480198-8711-4355-830E-72FD794AD3F6}.Debug|x86.ActiveCfg = Debug|x86
		{85480198-8711-4355-830E-72FD794AD3F6}.Debug|x86.Build.0 = Debug|x86
		{85480198-8711-4355-830E-72FD794AD3F6}.Release|Any CPU.ActiveCfg = Release|Any CPU
		{85480198-8711-4355-830E-72FD794AD3F6}.Release|Any CPU.Build.0 = Release|Any CPU
		{85480198-8711-4355-830E-72FD794AD3F6}.Release|x64.ActiveCfg = Release|x64
		{85480198-8711-4355-830E-72FD794AD3F6}.Release|x64.Build.0 = Release|x64
		{85480198-8711-4355-830E-72FD794AD3F6}.Release|x86.ActiveCfg = Release|x86
		{85480198-8711-4355-830E-72FD794AD3F6}.Release|x86.Build.0 = Release|x86
		{BFAE9E77-61BF-4679-9C71-E0A366DFE50D}.Debug|Any CPU.ActiveCfg = Debug|Any CPU
		{BFAE9E77-61BF-4679-9C71-E0A366DFE50D}.Debug|Any CPU.Build.0 = Debug|Any CPU
		{BFAE9E77-61BF-4679-9C71-E0A366DFE50D}.Debug|x64.ActiveCfg = Debug|Any CPU
		{BFAE9E77-61BF-4679-9C71-E0A366DFE50D}.Debug|x64.Build.0 = Debug|Any CPU
		{BFAE9E77-61BF-4679-9C71-E0A366DFE50D}.Debug|x86.ActiveCfg = Debug|Any CPU
		{BFAE9E77-61BF-4679-9C71-E0A366DFE50D}.Debug|x86.Build.0 = Debug|Any CPU
		{BFAE9E77-61BF-4679-9C71-E0A366DFE50D}.Release|Any CPU.ActiveCfg = Release|Any CPU
		{BFAE9E77-61BF-4679-9C71-E0A366DFE50D}.Release|Any CPU.Build.0 = Release|Any CPU
		{BFAE9E77-61BF-4679-9C71-E0A366DFE50D}.Release|x64.ActiveCfg = Release|Any CPU
		{BFAE9E77-61BF-4679-9C71-E0A366DFE50D}.Release|x64.Build.0 = Release|Any CPU
		{BFAE9E77-61BF-4679-9C71-E0A366DFE50D}.Release|x86.ActiveCfg = Release|Any CPU
		{BFAE9E77-61BF-4679-9C71-E0A366DFE50D}.Release|x86.Build.0 = Release|Any CPU
		{DCC2820B-A982-4CAE-B668-1179A257F65A}.Debug|Any CPU.ActiveCfg = Debug|Any CPU
		{DCC2820B-A982-4CAE-B668-1179A257F65A}.Debug|Any CPU.Build.0 = Debug|Any CPU
		{DCC2820B-A982-4CAE-B668-1179A257F65A}.Debug|x64.ActiveCfg = Debug|Any CPU
		{DCC2820B-A982-4CAE-B668-1179A257F65A}.Debug|x64.Build.0 = Debug|Any CPU
		{DCC2820B-A982-4CAE-B668-1179A257F65A}.Debug|x86.ActiveCfg = Debug|Any CPU
		{DCC2820B-A982-4CAE-B668-1179A257F65A}.Debug|x86.Build.0 = Debug|Any CPU
		{DCC2820B-A982-4CAE-B668-1179A257F65A}.Release|Any CPU.ActiveCfg = Release|Any CPU
		{DCC2820B-A982-4CAE-B668-1179A257F65A}.Release|Any CPU.Build.0 = Release|Any CPU
		{DCC2820B-A982-4CAE-B668-1179A257F65A}.Release|x64.ActiveCfg = Release|Any CPU
		{DCC2820B-A982-4CAE-B668-1179A257F65A}.Release|x64.Build.0 = Release|Any CPU
		{DCC2820B-A982-4CAE-B668-1179A257F65A}.Release|x86.ActiveCfg = Release|Any CPU
		{DCC2820B-A982-4CAE-B668-1179A257F65A}.Release|x86.Build.0 = Release|Any CPU
		{2D4AED2B-60F9-4AE8-B29F-34220FC99ABE}.Debug|Any CPU.ActiveCfg = Debug|Any CPU
		{2D4AED2B-60F9-4AE8-B29F-34220FC99ABE}.Debug|Any CPU.Build.0 = Debug|Any CPU
		{2D4AED2B-60F9-4AE8-B29F-34220FC99ABE}.Debug|x64.ActiveCfg = Debug|Any CPU
		{2D4AED2B-60F9-4AE8-B29F-34220FC99ABE}.Debug|x64.Build.0 = Debug|Any CPU
		{2D4AED2B-60F9-4AE8-B29F-34220FC99ABE}.Debug|x86.ActiveCfg = Debug|Any CPU
		{2D4AED2B-60F9-4AE8-B29F-34220FC99ABE}.Debug|x86.Build.0 = Debug|Any CPU
		{2D4AED2B-60F9-4AE8-B29F-34220FC99ABE}.Release|Any CPU.ActiveCfg = Release|Any CPU
		{2D4AED2B-60F9-4AE8-B29F-34220FC99ABE}.Release|Any CPU.Build.0 = Release|Any CPU
		{2D4AED2B-60F9-4AE8-B29F-34220FC99ABE}.Release|x64.ActiveCfg = Release|Any CPU
		{2D4AED2B-60F9-4AE8-B29F-34220FC99ABE}.Release|x64.Build.0 = Release|Any CPU
		{2D4AED2B-60F9-4AE8-B29F-34220FC99ABE}.Release|x86.ActiveCfg = Release|Any CPU
		{2D4AED2B-60F9-4AE8-B29F-34220FC99ABE}.Release|x86.Build.0 = Release|Any CPU
	EndGlobalSection
	GlobalSection(SolutionProperties) = preSolution
		HideSolutionNode = FALSE
	EndGlobalSection
	GlobalSection(ExtensibilityGlobals) = postSolution
		SolutionGuid = {F8525F6C-FC51-400C-B09A-96F19BC2C5DB}
	EndGlobalSection
EndGlobal
